
Microsoft Visual Studio Solution File, Format Version 12.00
# Visual Studio Version 16
VisualStudioVersion = 16.0.29519.87
MinimumVisualStudioVersion = 10.0.40219.1
Project("{FAE04EC0-301F-11D3-BF4B-00C04F79EFBC}") = "QuotesApi", "QuotesApi.csproj", "{6F76F05F-958A-48D8-BC80-147D37D9F789}"
EndProject
Global
	GlobalSection(SolutionConfigurationPlatforms) = preSolution
		Debug|Any CPU = Debug|Any CPU
		Release|Any CPU = Release|Any CPU
	EndGlobalSection
	GlobalSection(ProjectConfigurationPlatforms) = postSolution
		{6F76F05F-958A-48D8-BC80-147D37D9F789}.Debug|Any CPU.ActiveCfg = Debug|Any CPU
		{6F76F05F-958A-48D8-BC80-147D37D9F789}.Debug|Any CPU.Build.0 = Debug|Any CPU
		{6F76F05F-958A-48D8-BC80-147D37D9F789}.Release|Any CPU.ActiveCfg = Release|Any CPU
		{6F76F05F-958A-48D8-BC80-147D37D9F789}.Release|Any CPU.Build.0 = Release|Any CPU
	EndGlobalSection
	GlobalSection(SolutionProperties) = preSolution
		HideSolutionNode = FALSE
	EndGlobalSection
	GlobalSection(ExtensibilityGlobals) = postSolution
		SolutionGuid = {59CF93AD-E3F9-4E1E-9A61-6A2F81ED165D}
	EndGlobalSection
EndGlobal
